PODS:
  - Mantle (1.5.1):
    - Mantle/extobjc (= 1.5.1)
  - Mantle/extobjc (1.5.1)
  - RegExCategories (1.0)
  - xflowparser (0.0.1):
    - Mantle (~> 1.5.1)
    - RegExCategories (~> 1.0)
    - xflowparser/Models (= 0.0.1)
    - xflowparser/Parser (= 0.0.1)
  - xflowparser/Models (0.0.1):
    - Mantle (~> 1.5.1)
    - RegExCategories (~> 1.0)
  - xflowparser/Parser (0.0.1):
    - Mantle (~> 1.5.1)
    - RegExCategories (~> 1.0)

DEPENDENCIES:
  - Mantle (~> 1.5.1)
  - xflowparser (from `../`)

EXTERNAL SOURCES:
  xflowparser:
    :path: ../

SPEC CHECKSUMS:
  Mantle: d7c5ac734579ec751c58fecbf56189853056c58c
  RegExCategories: a6410301023ff81bd047c05fd8691d24ca5c7ea9
  xflowparser: 2a9e5ab6d334444667ce92e808c5e9ce531688e0

COCOAPODS: 0.35.0
