PODS:
  - Mantle (1.5.1):
    - Mantle/extobjc (= 1.5.1)
  - Mantle/extobjc (1.5.1)
  - RegExCategories (1.0)
  - xflowparser (0.0.1):
    - RegExCategories (~> 1.0)

DEPENDENCIES:
  - Mantle (~> 1.5.1)
  - xflowparser (from `../`)

EXTERNAL SOURCES:
  xflowparser:
    :path: ../

SPEC CHECKSUMS:
  Mantle: d7c5ac734579ec751c58fecbf56189853056c58c
  RegExCategories: a6410301023ff81bd047c05fd8691d24ca5c7ea9
  xflowparser: be52e5d13b1358941853e4a170a4005da445bb50

COCOAPODS: 0.35.0.rc2
